
Microsoft Visual Studio Solution File, Format Version 12.00
# Visual Studio Version 16
VisualStudioVersion = 16.0.30413.136
MinimumVisualStudioVersion = 10.0.40219.1
Project("{FAE04EC0-301F-11D3-BF4B-00C04F79EFBC}") = "LojaCet50", "LojaCet50\LojaCet50.csproj", "{C3F7F297-A4E9-4528-B5A8-E05C6EFD4108}"
EndProject
Global
	GlobalSection(SolutionConfigurationPlatforms) = preSolution
		Debug|Any CPU = Debug|Any CPU
		Release|Any CPU = Release|Any CPU
	EndGlobalSection
	GlobalSection(ProjectConfigurationPlatforms) = postSolution
		{C3F7F297-A4E9-4528-B5A8-E05C6EFD4108}.Debug|Any CPU.ActiveCfg = Debug|Any CPU
		{C3F7F297-A4E9-4528-B5A8-E05C6EFD4108}.Debug|Any CPU.Build.0 = Debug|Any CPU
		{C3F7F297-A4E9-4528-B5A8-E05C6EFD4108}.Release|Any CPU.ActiveCfg = Release|Any CPU
		{C3F7F297-A4E9-4528-B5A8-E05C6EFD4108}.Release|Any CPU.Build.0 = Release|Any CPU
	EndGlobalSection
	GlobalSection(SolutionProperties) = preSolution
		HideSolutionNode = FALSE
	EndGlobalSection
	GlobalSection(ExtensibilityGlobals) = postSolution
		SolutionGuid = {A46B1B8D-7516-4EFB-B5C1-22D9A91B6B5B}
	EndGlobalSection
EndGlobal
